// !$*UTF8*$!
{
	archiveVersion = 1;
	classes = {
	};
	objectVersion = 77;
	objects = {

/* Begin PBXBuildFile section */
		A21A2FAE2F6C4C82005E5098 /* GoogleSignIn in Frameworks */ = {isa = PBXBuildFile; productRef = A21A2FAD2F6C4C82005E5098 /* GoogleSignIn */; };
		A21A2FB02F6C4C82005E5098 /* GoogleSignInSwift in Frameworks */ = {isa = PBXBuildFile; productRef = A21A2FAF2F6C4C82005E5098 /* GoogleSignInSwift */; };
		A21A2FB32F6C4D45005E5098 /* GoogleMaps in Frameworks */ = {isa = PBXBuildFile; productRef = A21A2FB22F6C4D45005E5098 /* GoogleMaps */; };
		A21A2FB62F6C4E02005E5098 /* FirebaseAuth in Frameworks */ = {isa = PBXBuildFile; productRef = A21A2FB52F6C4E02005E5098 /* FirebaseAuth */; };
		A21A2FB82F6C4E02005E5098 /* FirebaseFirestore in Frameworks */ = {isa = PBXBuildFile; productRef = A21A2FB72F6C4E02005E5098 /* FirebaseFirestore */; };
		A21A2FBA2F6C4E02005E5098 /* FirebaseStorage in Frameworks */ = {isa = PBXBuildFile; productRef = A21A2FB92F6C4E02005E5098 /* FirebaseStorage */; };
		A25DD9602F86A2C80062B4FF /* GoogleGenerativeAI in Frameworks */ = {isa = PBXBuildFile; productRef = A25DD95F2F86A2C80062B4FF /* GoogleGenerativeAI */; };
		A25DDE8B2F904AAF0062B4FF /* Secrets.swift in Sources */ = {isa = PBXBuildFile; fileRef = A25DDE8A2F904AAC0062B4FF /* Secrets.swift */; };
/* End PBXBuildFile section */

/* Begin PBXContainerItemProxy section */
		F94CDD05428348EBA28D80D0 /* PBXContainerItemProxy */ = {
			isa = PBXContainerItemProxy;
			containerPortal = A21A2E6E2F6C3EFD005E5098 /* Project object */;
			proxyType = 1;
			remoteGlobalIDString = A21A2E752F6C3EFD005E5098;
			remoteInfo = "sd-smart-parking";
		};
/* End PBXContainerItemProxy section */

/* Begin PBXFileReference section */
		A21A2E762F6C3EFD005E5098 /* sd-smart-parking.app */ = {isa = PBXFileReference; explicitFileType = wrapper.application; includeInIndex = 0; path = "sd-smart-parking.app"; sourceTree = BUILT_PRODUCTS_DIR; };
		A25DDE8A2F904AAC0062B4FF /* Secrets.swift */ = {isa = PBXFileReference; lastKnownFileType = sourcecode.swift; path = Secrets.swift; sourceTree = "<group>"; };
		FD4A3D2C2F8813D30012A923 /* sd-smart-parkingTests.xctest */ = {isa = PBXFileReference; explicitFileType = wrapper.cfbundle; includeInIndex = 0; path = "sd-smart-parkingTests.xctest"; sourceTree = BUILT_PRODUCTS_DIR; };
/* End PBXFileReference section */

/* Begin PBXFileSystemSynchronizedBuildFileExceptionSet section */
		A21A2FBB2F6C4E10005E5098 /* Exceptions for "sd-smart-parking" folder in "sd-smart-parking" target */ = {
			isa = PBXFileSystemSynchronizedBuildFileExceptionSet;
			membershipExceptions = (
				Info.plist,
			);
			target = A21A2E752F6C3EFD005E5098 /* sd-smart-parking */;
		};
/* End PBXFileSystemSynchronizedBuildFileExceptionSet section */

/* Begin PBXFileSystemSynchronizedRootGroup section */
		0A0FEDAD77504411A6D9614B /* sd-smart-parkingTests */ = {
			isa = PBXFileSystemSynchronizedRootGroup;
			path = "sd-smart-parkingTests";
			sourceTree = "<group>";
		};
		A21A2E782F6C3EFD005E5098 /* sd-smart-parking */ = {
			isa = PBXFileSystemSynchronizedRootGroup;
			exceptions = (
				A21A2FBB2F6C4E10005E5098 /* Exceptions for "sd-smart-parking" folder in "sd-smart-parking" target */,
			);
			path = "sd-smart-parking";
			sourceTree = "<group>";
		};
/* End PBXFileSystemSynchronizedRootGroup section */

/* Begin PBXFrameworksBuildPhase section */
		A21A2E732F6C3EFD005E5098 /* Frameworks */ = {
			isa = PBXFrameworksBuildPhase;
			buildActionMask = 2147483647;
			files = (
				A21A2FAE2F6C4C82005E5098 /* GoogleSignIn in Frameworks */,
				A21A2FB02F6C4C82005E5098 /* GoogleSignInSwift in Frameworks */,
				A21A2FB32F6C4D45005E5098 /* GoogleMaps in Frameworks */,
				A21A2FB82F6C4E02005E5098 /* FirebaseFirestore in Frameworks */,
				A25DD9602F86A2C80062B4FF /* GoogleGenerativeAI in Frameworks */,
				A21A2FB62F6C4E02005E5098 /* FirebaseAuth in Frameworks */,
				A21A2FBA2F6C4E02005E5098 /* FirebaseStorage in Frameworks */,
			);
			runOnlyForDeploymentPostprocessing = 0;
		};
		C843732C558E4DDD895E643F /* Frameworks */ = {
			isa = PBXFrameworksBuildPhase;
			buildActionMask = 2147483647;
			files = (
			);
			runOnlyForDeploymentPostprocessing = 0;
		};
/* End PBXFrameworksBuildPhase section */

/* Begin PBXGroup section */
		A21A2E6D2F6C3EFD005E5098 = {
			isa = PBXGroup;
			children = (
				A25DDE8A2F904AAC0062B4FF /* Secrets.swift */,
				A21A2E782F6C3EFD005E5098 /* sd-smart-parking */,
				0A0FEDAD77504411A6D9614B /* sd-smart-parkingTests */,
				A21A2E772F6C3EFD005E5098 /* Products */,
			);
			sourceTree = "<group>";
		};
		A21A2E772F6C3EFD005E5098 /* Products */ = {
			isa = PBXGroup;
			children = (
				A21A2E762F6C3EFD005E5098 /* sd-smart-parking.app */,
				FD4A3D2C2F8813D30012A923 /* sd-smart-parkingTests.xctest */,
			);
			name = Products;
			sourceTree = "<group>";
		};
/* End PBXGroup section */

/* Begin PBXNativeTarget section */
		8BA70FE09BD04F2786A81492 /* sd-smart-parkingTests */ = {
			isa = PBXNativeTarget;
			buildConfigurationList = 2F17E05D5733420BB5F80EB8 /* Build configuration list for PBXNativeTarget "sd-smart-parkingTests" */;
			buildPhases = (
				932ADF26446D4EC0924D28D1 /* Sources */,
				C843732C558E4DDD895E643F /* Frameworks */,
				2DD071DA589D4DCABEF6F7EF /* Resources */,
			);
			buildRules = (
			);
			dependencies = (
				2455190EC99144CA8B6209EF /* PBXTargetDependency */,
			);
			fileSystemSynchronizedGroups = (
				0A0FEDAD77504411A6D9614B /* sd-smart-parkingTests */,
			);
			name = "sd-smart-parkingTests";
			packageProductDependencies = (
			);
			productName = "sd-smart-parkingTests";
			productReference = FD4A3D2C2F8813D30012A923 /* sd-smart-parkingTests.xctest */;
			productType = "com.apple.product-type.bundle.unit-test";
		};
		A21A2E752F6C3EFD005E5098 /* sd-smart-parking */ = {
			isa = PBXNativeTarget;
			buildConfigurationList = A21A2E812F6C3EFE005E5098 /* Build configuration list for PBXNativeTarget "sd-smart-parking" */;
			buildPhases = (
				A21A2E722F6C3EFD005E5098 /* Sources */,
				A21A2E732F6C3EFD005E5098 /* Frameworks */,
				A21A2E742F6C3EFD005E5098 /* Resources */,
			);
			buildRules = (
			);
			dependencies = (
			);
			fileSystemSynchronizedGroups = (
				A21A2E782F6C3EFD005E5098 /* sd-smart-parking */,
			);
			name = "sd-smart-parking";
			packageProductDependencies = (
				A21A2FAD2F6C4C82005E5098 /* GoogleSignIn */,
				A21A2FAF2F6C4C82005E5098 /* GoogleSignInSwift */,
				A21A2FB22F6C4D45005E5098 /* GoogleMaps */,
				A21A2FB52F6C4E02005E5098 /* FirebaseAuth */,
				A21A2FB72F6C4E02005E5098 /* FirebaseFirestore */,
				A21A2FB92F6C4E02005E5098 /* FirebaseStorage */,
				A25DD95F2F86A2C80062B4FF /* GoogleGenerativeAI */,
			);
			productName = "sd-smart-parking";
			productReference = A21A2E762F6C3EFD005E5098 /* sd-smart-parking.app */;
			productType = "com.apple.product-type.application";
		};
/* End PBXNativeTarget section */

/* Begin PBXProject section */
		A21A2E6E2F6C3EFD005E5098 /* Project object */ = {
			isa = PBXProject;
			attributes = {
				BuildIndependentTargetsInParallel = 1;
				LastSwiftUpdateCheck = 2630;
				LastUpgradeCheck = 2630;
				TargetAttributes = {
					8BA70FE09BD04F2786A81492 = {
						CreatedOnToolsVersion = 26.3;
						TestTargetID = A21A2E752F6C3EFD005E5098;
					};
					A21A2E752F6C3EFD005E5098 = {
						CreatedOnToolsVersion = 26.3;
					};
				};
			};
			buildConfigurationList = A21A2E712F6C3EFD005E5098 /* Build configuration list for PBXProject "sd-smart-parking" */;
			developmentRegion = en;
			hasScannedForEncodings = 0;
			knownRegions = (
				en,
				Base,
			);
			mainGroup = A21A2E6D2F6C3EFD005E5098;
			minimizedProjectReferenceProxies = 1;
			packageReferences = (
				A21A2FAC2F6C4C82005E5098 /* XCRemoteSwiftPackageReference "GoogleSignIn-iOS" */,
				A21A2FB12F6C4D45005E5098 /* XCRemoteSwiftPackageReference "ios-maps-sdk" */,
				A21A2FB42F6C4E02005E5098 /* XCRemoteSwiftPackageReference "firebase-ios-sdk" */,
				A25DD95E2F86A2C80062B4FF /* XCRemoteSwiftPackageReference "generative-ai-swift" */,
			);
			preferredProjectObjectVersion = 77;
			productRefGroup = A21A2E772F6C3EFD005E5098 /* Products */;
			projectDirPath = "";
			projectRoot = "";
			targets = (
				A21A2E752F6C3EFD005E5098 /* sd-smart-parking */,
				8BA70FE09BD04F2786A81492 /* sd-smart-parkingTests */,
			);
		};
/* End PBXProject section */

/* Begin PBXResourcesBuildPhase section */
		2DD071DA589D4DCABEF6F7EF /* Resources */ = {
			isa = PBXResourcesBuildPhase;
			buildActionMask = 2147483647;
			files = (
			);
			runOnlyForDeploymentPostprocessing = 0;
		};
		A21A2E742F6C3EFD005E5098 /* Resources */ = {
			isa = PBXResourcesBuildPhase;
			buildActionMask = 2147483647;
			files = (
			);
			runOnlyForDeploymentPostprocessing = 0;
		};
/* End PBXResourcesBuildPhase section */

/* Begin PBXSourcesBuildPhase section */
		932ADF26446D4EC0924D28D1 /* Sources */ = {
			isa = PBXSourcesBuildPhase;
			buildActionMask = 2147483647;
			files = (
			);
			runOnlyForDeploymentPostprocessing = 0;
		};
		A21A2E722F6C3EFD005E5098 /* Sources */ = {
			isa = PBXSourcesBuildPhase;
			buildActionMask = 2147483647;
			files = (
				A25DDE8B2F904AAF0062B4FF /* Secrets.swift in Sources */,
			);
			runOnlyForDeploymentPostprocessing = 0;
		};
/* End PBXSourcesBuildPhase section */

/* Begin PBXTargetDependency section */
		2455190EC99144CA8B6209EF /* PBXTargetDependency */ = {
			isa = PBXTargetDependency;
			target = A21A2E752F6C3EFD005E5098 /* sd-smart-parking */;
			targetProxy = F94CDD05428348EBA28D80D0 /* PBXContainerItemProxy */;
		};
/* End PBXTargetDependency section */

/* Begin XCBuildConfiguration section */
		A21A2E7F2F6C3EFE005E5098 /* Debug */ = {
			isa = XCBuildConfiguration;
			buildSettings = {
				ALWAYS_SEARCH_USER_PATHS = NO;
				ASSETCATALOG_COMPILER_GENERATE_SWIFT_ASSET_SYMBOL_EXTENSIONS = YES;
				CLANG_ANALYZER_NONNULL = YES;
				CLANG_ANALYZER_NUMBER_OBJECT_CONVERSION = YES_AGGRESSIVE;
				CLANG_CXX_LANGUAGE_STANDARD = "gnu++20";
				CLANG_ENABLE_MODULES = YES;
				CLANG_ENABLE_OBJC_ARC = YES;
				CLANG_ENABLE_OBJC_WEAK = YES;
				CLANG_WARN_BLOCK_CAPTURE_AUTORELEASING = YES;
				CLANG_WARN_BOOL_CONVERSION = YES;
				CLANG_WARN_COMMA = YES;
				CLANG_WARN_CONSTANT_CONVERSION = YES;
				CLANG_WARN_DEPRECATED_OBJC_IMPLEMENTATIONS = YES;
				CLANG_WARN_DIRECT_OBJC_ISA_USAGE = YES_ERROR;
				CLANG_WARN_DOCUMENTATION_COMMENTS = YES;
				CLANG_WARN_EMPTY_BODY = YES;
				CLANG_WARN_ENUM_CONVERSION = YES;
				CLANG_WARN_INFINITE_RECURSION = YES;
				CLANG_WARN_INT_CONVERSION = YES;
				CLANG_WARN_NON_LITERAL_NULL_CONVERSION = YES;
				CLANG_WARN_OBJC_IMPLICIT_RETAIN_SELF = YES;
				CLANG_WARN_OBJC_LITERAL_CONVERSION = YES;
				CLANG_WARN_OBJC_ROOT_CLASS = YES_ERROR;
				CLANG_WARN_QUOTED_INCLUDE_IN_FRAMEWORK_HEADER = YES;
				CLANG_WARN_RANGE_LOOP_ANALYSIS = YES;
				CLANG_WARN_STRICT_PROTOTYPES = YES;
				CLANG_WARN_SUSPICIOUS_MOVE = YES;
				CLANG_WARN_UNGUARDED_AVAILABILITY = YES_AGGRESSIVE;
				CLANG_WARN_UNREACHABLE_CODE = YES;
				CLANG_WARN__DUPLICATE_METHOD_MATCH = YES;
				COPY_PHASE_STRIP = NO;
				DEBUG_INFORMATION_FORMAT = dwarf;
				DEVELOPMENT_TEAM = X4MJ64T45C;
				ENABLE_STRICT_OBJC_MSGSEND = YES;
				ENABLE_TESTABILITY = YES;
				ENABLE_USER_SCRIPT_SANDBOXING = YES;
				GCC_C_LANGUAGE_STANDARD = gnu17;
				GCC_DYNAMIC_NO_PIC = NO;
				GCC_NO_COMMON_BLOCKS = YES;
				GCC_OPTIMIZATION_LEVEL = 0;
				GCC_PREPROCESSOR_DEFINITIONS = (
					"DEBUG=1",
					"$(inherited)",
				);
				GCC_WARN_64_TO_32_BIT_CONVERSION = YES;
				GCC_WARN_ABOUT_RETURN_TYPE = YES_ERROR;
				GCC_WARN_UNDECLARED_SELECTOR = YES;
				GCC_WARN_UNINITIALIZED_AUTOS = YES_AGGRESSIVE;
				GCC_WARN_UNUSED_FUNCTION = YES;
				GCC_WARN_UNUSED_VARIABLE = YES;
				IPHONEOS_DEPLOYMENT_TARGET = 26.2;
				LOCALIZATION_PREFERS_STRING_CATALOGS = YES;
				MTL_ENABLE_DEBUG_INFO = INCLUDE_SOURCE;
				MTL_FAST_MATH = YES;
				ONLY_ACTIVE_ARCH = YES;
				SDKROOT = iphoneos;
				SWIFT_ACTIVE_COMPILATION_CONDITIONS = "DEBUG $(inherited)";
				SWIFT_OPTIMIZATION_LEVEL = "-Onone";
			};
			name = Debug;
		};
		A21A2E802F6C3EFE005E5098 /* Release */ = {
			isa = XCBuildConfiguration;
			buildSettings = {
				ALWAYS_SEARCH_USER_PATHS = NO;
				ASSETCATALOG_COMPILER_GENERATE_SWIFT_ASSET_SYMBOL_EXTENSIONS = YES;
				CLANG_ANALYZER_NONNULL = YES;
				CLANG_ANALYZER_NUMBER_OBJECT_CONVERSION = YES_AGGRESSIVE;
				CLANG_CXX_LANGUAGE_STANDARD = "gnu++20";
				CLANG_ENABLE_MODULES = YES;
				CLANG_ENABLE_OBJC_ARC = YES;
				CLANG_ENABLE_OBJC_WEAK = YES;
				CLANG_WARN_BLOCK_CAPTURE_AUTORELEASING = YES;
				CLANG_WARN_BOOL_CONVERSION = YES;
				CLANG_WARN_COMMA = YES;
				CLANG_WARN_CONSTANT_CONVERSION = YES;
				CLANG_WARN_DEPRECATED_OBJC_IMPLEMENTATIONS = YES;
				CLANG_WARN_DIRECT_OBJC_ISA_USAGE = YES_ERROR;
				CLANG_WARN_DOCUMENTATION_COMMENTS = YES;
				CLANG_WARN_EMPTY_BODY = YES;
				CLANG_WARN_ENUM_CONVERSION = YES;
				CLANG_WARN_INFINITE_RECURSION = YES;
				CLANG_WARN_INT_CONVERSION = YES;
				CLANG_WARN_NON_LITERAL_NULL_CONVERSION = YES;
				CLANG_WARN_OBJC_IMPLICIT_RETAIN_SELF = YES;
				CLANG_WARN_OBJC_LITERAL_CONVERSION = YES;
				CLANG_WARN_OBJC_ROOT_CLASS = YES_ERROR;
				CLANG_WARN_QUOTED_INCLUDE_IN_FRAMEWORK_HEADER = YES;
				CLANG_WARN_RANGE_LOOP_ANALYSIS = YES;
				CLANG_WARN_STRICT_PROTOTYPES = YES;
				CLANG_WARN_SUSPICIOUS_MOVE = YES;
				CLANG_WARN_UNGUARDED_AVAILABILITY = YES_AGGRESSIVE;
				CLANG_WARN_UNREACHABLE_CODE = YES;
				CLANG_WARN__DUPLICATE_METHOD_MATCH = YES;
				COPY_PHASE_STRIP = NO;
				DEBUG_INFORMATION_FORMAT = "dwarf-with-dsym";
				DEVELOPMENT_TEAM = X4MJ64T45C;
				ENABLE_NS_ASSERTIONS = NO;
				ENABLE_STRICT_OBJC_MSGSEND = YES;
				ENABLE_USER_SCRIPT_SANDBOXING = YES;
				GCC_C_LANGUAGE_STANDARD = gnu17;
				GCC_NO_COMMON_BLOCKS = YES;
				GCC_WARN_64_TO_32_BIT_CONVERSION = YES;
				GCC_WARN_ABOUT_RETURN_TYPE = YES_ERROR;
				GCC_WARN_UNDECLARED_SELECTOR = YES;
				GCC_WARN_UNINITIALIZED_AUTOS = YES_AGGRESSIVE;
				GCC_WARN_UNUSED_FUNCTION = YES;
				GCC_WARN_UNUSED_VARIABLE = YES;
				IPHONEOS_DEPLOYMENT_TARGET = 26.2;
				LOCALIZATION_PREFERS_STRING_CATALOGS = YES;
				MTL_ENABLE_DEBUG_INFO = NO;
				MTL_FAST_MATH = YES;
				SDKROOT = iphoneos;
				SWIFT_COMPILATION_MODE = wholemodule;
				VALIDATE_PRODUCT = YES;
			};
			name = Release;
		};
		A21A2E822F6C3EFE005E5098 /* Debug */ = {
			isa = XCBuildConfiguration;
			buildSettings = {
				ASSETCATALOG_COMPILER_APPICON_NAME = AppIcon;
				ASSETCATALOG_COMPILER_GLOBAL_ACCENT_COLOR_NAME = AccentColor;
				CODE_SIGN_STYLE = Automatic;
				CURRENT_PROJECT_VERSION = 1;
				DEVELOPMENT_TEAM = 827AL5HLRB;
				ENABLE_PREVIEWS = YES;
				GENERATE_INFOPLIST_FILE = NO;
				INFOPLIST_FILE = "sd-smart-parking/Info.plist";
				IPHONEOS_DEPLOYMENT_TARGET = 26.0;
				LD_RUNPATH_SEARCH_PATHS = (
					"$(inherited)",
					"@executable_path/Frameworks",
				);
				MARKETING_VERSION = 1.0;
				PRODUCT_BUNDLE_IDENTIFIER = co.edu.uniandes.dbenavid.sdSmartParking;
				PRODUCT_NAME = "$(TARGET_NAME)";
				STRING_CATALOG_GENERATE_SYMBOLS = YES;
				SWIFT_APPROACHABLE_CONCURRENCY = YES;
				SWIFT_DEFAULT_ACTOR_ISOLATION = MainActor;
				SWIFT_EMIT_LOC_STRINGS = YES;
				SWIFT_UPCOMING_FEATURE_MEMBER_IMPORT_VISIBILITY = YES;
				SWIFT_VERSION = 5.0;
				TARGETED_DEVICE_FAMILY = "1,2";
			};
			name = Debug;
		};
		A21A2E832F6C3EFE005E5098 /* Release */ = {
			isa = XCBuildConfiguration;
			buildSettings = {
				ASSETCATALOG_COMPILER_APPICON_NAME = AppIcon;
				ASSETCATALOG_COMPILER_GLOBAL_ACCENT_COLOR_NAME = AccentColor;
				CODE_SIGN_STYLE = Automatic;
				CURRENT_PROJECT_VERSION = 1;
				DEVELOPMENT_TEAM = 827AL5HLRB;
				ENABLE_PREVIEWS = YES;
				GENERATE_INFOPLIST_FILE = NO;
				INFOPLIST_FILE = "sd-smart-parking/Info.plist";
				IPHONEOS_DEPLOYMENT_TARGET = 26.0;
				LD_RUNPATH_SEARCH_PATHS = (
					"$(inherited)",
					"@executable_path/Frameworks",
				);
				MARKETING_VERSION = 1.0;
				PRODUCT_BUNDLE_IDENTIFIER = co.edu.uniandes.dbenavid.sdSmartParking;
				PRODUCT_NAME = "$(TARGET_NAME)";
				STRING_CATALOG_GENERATE_SYMBOLS = YES;
				SWIFT_APPROACHABLE_CONCURRENCY = YES;
				SWIFT_DEFAULT_ACTOR_ISOLATION = MainActor;
				SWIFT_EMIT_LOC_STRINGS = YES;
				SWIFT_UPCOMING_FEATURE_MEMBER_IMPORT_VISIBILITY = YES;
				SWIFT_VERSION = 5.0;
				TARGETED_DEVICE_FAMILY = "1,2";
			};
			name = Release;
		};
		A9965CFE832E4C2C92F0C44A /* Debug */ = {
			isa = XCBuildConfiguration;
			buildSettings = {
				BUNDLE_LOADER = "$(TEST_HOST)";
				CODE_SIGN_STYLE = Automatic;
				CURRENT_PROJECT_VERSION = 1;
				DEVELOPMENT_TEAM = X4MJ64T45C;
				GENERATE_INFOPLIST_FILE = YES;
				IPHONEOS_DEPLOYMENT_TARGET = 26.0;
				MARKETING_VERSION = 1.0;
				PRODUCT_BUNDLE_IDENTIFIER = "appMoviles.sd-smart-parkingTests";
				PRODUCT_NAME = "$(TARGET_NAME)";
				SWIFT_APPROACHABLE_CONCURRENCY = YES;
				SWIFT_DEFAULT_ACTOR_ISOLATION = MainActor;
				SWIFT_EMIT_LOC_STRINGS = NO;
				SWIFT_VERSION = 5.0;
				TARGETED_DEVICE_FAMILY = "1,2";
				TEST_HOST = "$(BUILT_PRODUCTS_DIR)/sd-smart-parking.app/$(BUNDLE_EXECUTABLE_FOLDER_PATH)/sd-smart-parking";
			};
			name = Debug;
		};
		BA2E7575A9CF40EB98006832 /* Release */ = {
			isa = XCBuildConfiguration;
			buildSettings = {
				BUNDLE_LOADER = "$(TEST_HOST)";
				CODE_SIGN_STYLE = Automatic;
				CURRENT_PROJECT_VERSION = 1;
				DEVELOPMENT_TEAM = X4MJ64T45C;
				GENERATE_INFOPLIST_FILE = YES;
				IPHONEOS_DEPLOYMENT_TARGET = 26.0;
				MARKETING_VERSION = 1.0;
				PRODUCT_BUNDLE_IDENTIFIER = "appMoviles.sd-smart-parkingTests";
				PRODUCT_NAME = "$(TARGET_NAME)";
				SWIFT_APPROACHABLE_CONCURRENCY = YES;
				SWIFT_DEFAULT_ACTOR_ISOLATION = MainActor;
				SWIFT_EMIT_LOC_STRINGS = NO;
				SWIFT_VERSION = 5.0;
				TARGETED_DEVICE_FAMILY = "1,2";
				TEST_HOST = "$(BUILT_PRODUCTS_DIR)/sd-smart-parking.app/$(BUNDLE_EXECUTABLE_FOLDER_PATH)/sd-smart-parking";
			};
			name = Release;
		};
/* End XCBuildConfiguration section */

/* Begin XCConfigurationList section */
		2F17E05D5733420BB5F80EB8 /* Build configuration list for PBXNativeTarget "sd-smart-parkingTests" */ = {
			isa = XCConfigurationList;
			buildConfigurations = (
				A9965CFE832E4C2C92F0C44A /* Debug */,
				BA2E7575A9CF40EB98006832 /* Release */,
			);
			defaultConfigurationIsVisible = 0;
			defaultConfigurationName = Release;
		};
		A21A2E712F6C3EFD005E5098 /* Build configuration list for PBXProject "sd-smart-parking" */ = {
			isa = XCConfigurationList;
			buildConfigurations = (
				A21A2E7F2F6C3EFE005E5098 /* Debug */,
				A21A2E802F6C3EFE005E5098 /* Release */,
			);
			defaultConfigurationIsVisible = 0;
			defaultConfigurationName = Release;
		};
		A21A2E812F6C3EFE005E5098 /* Build configuration list for PBXNativeTarget "sd-smart-parking" */ = {
			isa = XCConfigurationList;
			buildConfigurations = (
				A21A2E822F6C3EFE005E5098 /* Debug */,
				A21A2E832F6C3EFE005E5098 /* Release */,
			);
			defaultConfigurationIsVisible = 0;
			defaultConfigurationName = Release;
		};
/* End XCConfigurationList section */

/* Begin XCRemoteSwiftPackageReference section */
		A21A2FAC2F6C4C82005E5098 /* XCRemoteSwiftPackageReference "GoogleSignIn-iOS" */ = {
			isa = XCRemoteSwiftPackageReference;
			repositoryURL = "https://github.com/google/GoogleSignIn-iOS";
			requirement = {
				kind = upToNextMajorVersion;
				minimumVersion = 9.1.0;
			};
		};
		A21A2FB12F6C4D45005E5098 /* XCRemoteSwiftPackageReference "ios-maps-sdk" */ = {
			isa = XCRemoteSwiftPackageReference;
			repositoryURL = "https://github.com/googlemaps/ios-maps-sdk";
			requirement = {
				kind = upToNextMajorVersion;
				minimumVersion = 10.10.0;
			};
		};
		A21A2FB42F6C4E02005E5098 /* XCRemoteSwiftPackageReference "firebase-ios-sdk" */ = {
			isa = XCRemoteSwiftPackageReference;
			repositoryURL = "https://github.com/firebase/firebase-ios-sdk";
			requirement = {
				kind = upToNextMajorVersion;
				minimumVersion = 12.11.0;
			};
		};
		A25DD95E2F86A2C80062B4FF /* XCRemoteSwiftPackageReference "generative-ai-swift" */ = {
			isa = XCRemoteSwiftPackageReference;
			repositoryURL = "https://github.com/google/generative-ai-swift";
			requirement = {
				kind = upToNextMajorVersion;
				minimumVersion = 0.5.6;
			};
		};
/* End XCRemoteSwiftPackageReference section */

/* Begin XCSwiftPackageProductDependency section */
		A21A2FAD2F6C4C82005E5098 /* GoogleSignIn */ = {
			isa = XCSwiftPackageProductDependency;
			package = A21A2FAC2F6C4C82005E5098 /* XCRemoteSwiftPackageReference "GoogleSignIn-iOS" */;
			productName = GoogleSignIn;
		};
		A21A2FAF2F6C4C82005E5098 /* GoogleSignInSwift */ = {
			isa = XCSwiftPackageProductDependency;
			package = A21A2FAC2F6C4C82005E5098 /* XCRemoteSwiftPackageReference "GoogleSignIn-iOS" */;
			productName = GoogleSignInSwift;
		};
		A21A2FB22F6C4D45005E5098 /* GoogleMaps */ = {
			isa = XCSwiftPackageProductDependency;
			package = A21A2FB12F6C4D45005E5098 /* XCRemoteSwiftPackageReference "ios-maps-sdk" */;
			productName = GoogleMaps;
		};
		A21A2FB52F6C4E02005E5098 /* FirebaseAuth */ = {
			isa = XCSwiftPackageProductDependency;
			package = A21A2FB42F6C4E02005E5098 /* XCRemoteSwiftPackageReference "firebase-ios-sdk" */;
			productName = FirebaseAuth;
		};
		A21A2FB72F6C4E02005E5098 /* FirebaseFirestore */ = {
			isa = XCSwiftPackageProductDependency;
			package = A21A2FB42F6C4E02005E5098 /* XCRemoteSwiftPackageReference "firebase-ios-sdk" */;
			productName = FirebaseFirestore;
		};
		A21A2FB92F6C4E02005E5098 /* FirebaseStorage */ = {
			isa = XCSwiftPackageProductDependency;
			package = A21A2FB42F6C4E02005E5098 /* XCRemoteSwiftPackageReference "firebase-ios-sdk" */;
			productName = FirebaseStorage;
		};
		A25DD95F2F86A2C80062B4FF /* GoogleGenerativeAI */ = {
			isa = XCSwiftPackageProductDependency;
			package = A25DD95E2F86A2C80062B4FF /* XCRemoteSwiftPackageReference "generative-ai-swift" */;
			productName = GoogleGenerativeAI;
		};
/* End XCSwiftPackageProductDependency section */
	};
	rootObject = A21A2E6E2F6C3EFD005E5098 /* Project object */;
}
